// !$*UTF8*$!
{
	archiveVersion = 1;
	classes = {
	};
	objectVersion = 51;
	objects = {

/* Begin PBXBuildFile section */
		7A709AAA9162FB2A89FE072E /* Pods_Flickr.framework in Frameworks */ = {isa = PBXBuildFile; fileRef = 81A52289C45536AD43566E74 /* Pods_Flickr.framework */; };
		7BD06116242D300C00A1C2D6 /* AppDelegate.swift in Sources */ = {isa = PBXBuildFile; fileRef = 7BD06115242D300C00A1C2D6 /* AppDelegate.swift */; };
		7BD0611F242D300D00A1C2D6 /* Assets.xcassets in Resources */ = {isa = PBXBuildFile; fileRef = 7BD0611E242D300D00A1C2D6 /* Assets.xcassets */; };
		7BD06122242D300D00A1C2D6 /* LaunchScreen.storyboard in Resources */ = {isa = PBXBuildFile; fileRef = 7BD06120242D300D00A1C2D6 /* LaunchScreen.storyboard */; };
		7BD0612D242D300D00A1C2D6 /* FlickrTests.swift in Sources */ = {isa = PBXBuildFile; fileRef = 7BD0612C242D300D00A1C2D6 /* FlickrTests.swift */; };
		7BD06138242D300D00A1C2D6 /* FlickrUITests.swift in Sources */ = {isa = PBXBuildFile; fileRef = 7BD06137242D300D00A1C2D6 /* FlickrUITests.swift */; };
		7BD06149242D338700A1C2D6 /* FLPhotosManager.swift in Sources */ = {isa = PBXBuildFile; fileRef = 7BD06148242D338700A1C2D6 /* FLPhotosManager.swift */; };
		7BD0614B242D345D00A1C2D6 /* FLPhoto.swift in Sources */ = {isa = PBXBuildFile; fileRef = 7BD0614A242D345D00A1C2D6 /* FLPhoto.swift */; };
		7BD0614D242D347000A1C2D6 /* FLPhotosList.swift in Sources */ = {isa = PBXBuildFile; fileRef = 7BD0614C242D347000A1C2D6 /* FLPhotosList.swift */; };
		7BD06150242D34A300A1C2D6 /* FLPhotosResult.swift in Sources */ = {isa = PBXBuildFile; fileRef = 7BD0614F242D34A300A1C2D6 /* FLPhotosResult.swift */; };
		7BD06155242D35C300A1C2D6 /* Dictionary+HTTPParameters.swift in Sources */ = {isa = PBXBuildFile; fileRef = 7BD06154242D35C300A1C2D6 /* Dictionary+HTTPParameters.swift */; };
		7BD06158242D35F100A1C2D6 /* String+Encoding.swift in Sources */ = {isa = PBXBuildFile; fileRef = 7BD06157242D35F100A1C2D6 /* String+Encoding.swift */; };
		7BD0615C242D425600A1C2D6 /* HomeSearchTableViewController.swift in Sources */ = {isa = PBXBuildFile; fileRef = 7BD0615B242D425600A1C2D6 /* HomeSearchTableViewController.swift */; };
		7BD0615E242D4CD600A1C2D6 /* FlickrPhotoTableViewCell.swift in Sources */ = {isa = PBXBuildFile; fileRef = 7BD0615D242D4CD600A1C2D6 /* FlickrPhotoTableViewCell.swift */; };
		7BD06161242D581800A1C2D6 /* FLImageView.swift in Sources */ = {isa = PBXBuildFile; fileRef = 7BD06160242D581800A1C2D6 /* FLImageView.swift */; };
		7BD06163242D59DE00A1C2D6 /* HomePresenter.swift in Sources */ = {isa = PBXBuildFile; fileRef = 7BD06162242D59DE00A1C2D6 /* HomePresenter.swift */; };
		7BE6A204242D78900037B8D0 /* UIAlertController+Errors.swift in Sources */ = {isa = PBXBuildFile; fileRef = 7BE6A203242D78900037B8D0 /* UIAlertController+Errors.swift */; };
		7BECE537242DE686001B454F /* FlickrPhotoTableViewCell+Configuration.swift in Sources */ = {isa = PBXBuildFile; fileRef = 7BECE536242DE686001B454F /* FlickrPhotoTableViewCell+Configuration.swift */; };
		85985D3E2DC46190F7847082 /* Pods_Flickr_FlickrUITests.framework in Frameworks */ = {isa = PBXBuildFile; fileRef = 0347EC1107F1A68DF01BED2C /* Pods_Flickr_FlickrUITests.framework */; };
		EA53BAB2AF2E09E7A334AA17 /* Pods_FlickrTests.framework in Frameworks */ = {isa = PBXBuildFile; fileRef = 7357FAC6706EC2EEB92CA2B8 /* Pods_FlickrTests.framework */; };
/* End PBXBuildFile section */

/* Begin PBXContainerItemProxy section */
		7BD06129242D300D00A1C2D6 /* PBXContainerItemProxy */ = {
			isa = PBXContainerItemProxy;
			containerPortal = 7BD0610A242D300C00A1C2D6 /* Project object */;
			proxyType = 1;
			remoteGlobalIDString = 7BD06111242D300C00A1C2D6;
			remoteInfo = Flickr;
		};
		7BD06134242D300D00A1C2D6 /* PBXContainerItemProxy */ = {
			isa = PBXContainerItemProxy;
			containerPortal = 7BD0610A242D300C00A1C2D6 /* Project object */;
			proxyType = 1;
			remoteGlobalIDString = 7BD06111242D300C00A1C2D6;
			remoteInfo = Flickr;
		};
/* End PBXContainerItemProxy section */

/* Begin PBXFileReference section */
		0347EC1107F1A68DF01BED2C /* Pods_Flickr_FlickrUITests.framework */ = {isa = PBXFileReference; explicitFileType = wrapper.framework; includeInIndex = 0; path = Pods_Flickr_FlickrUITests.framework; sourceTree = BUILT_PRODUCTS_DIR; };
		71D664511631C49CEB95B724 /* Pods-Flickr-FlickrUITests.release.xcconfig */ = {isa = PBXFileReference; includeInIndex = 1; lastKnownFileType = text.xcconfig; name = "Pods-Flickr-FlickrUITests.release.xcconfig"; path = "Target Support Files/Pods-Flickr-FlickrUITests/Pods-Flickr-FlickrUITests.release.xcconfig"; sourceTree = "<group>"; };
		72C5753A3EDA052B1426E8DF /* Pods-Flickr-FlickrUITests.debug.xcconfig */ = {isa = PBXFileReference; includeInIndex = 1; lastKnownFileType = text.xcconfig; name = "Pods-Flickr-FlickrUITests.debug.xcconfig"; path = "Target Support Files/Pods-Flickr-FlickrUITests/Pods-Flickr-FlickrUITests.debug.xcconfig"; sourceTree = "<group>"; };
		7357FAC6706EC2EEB92CA2B8 /* Pods_FlickrTests.framework */ = {isa = PBXFileReference; explicitFileType = wrapper.framework; includeInIndex = 0; path = Pods_FlickrTests.framework; sourceTree = BUILT_PRODUCTS_DIR; };
		7BD06112242D300C00A1C2D6 /* Flickr.app */ = {isa = PBXFileReference; explicitFileType = wrapper.application; includeInIndex = 0; path = Flickr.app; sourceTree = BUILT_PRODUCTS_DIR; };
		7BD06115242D300C00A1C2D6 /* AppDelegate.swift */ = {isa = PBXFileReference; lastKnownFileType = sourcecode.swift; path = AppDelegate.swift; sourceTree = "<group>"; };
		7BD0611E242D300D00A1C2D6 /* Assets.xcassets */ = {isa = PBXFileReference; lastKnownFileType = folder.assetcatalog; path = Assets.xcassets; sourceTree = "<group>"; };
		7BD06121242D300D00A1C2D6 /* Base */ = {isa = PBXFileReference; lastKnownFileType = file.storyboard; name = Base; path = Base.lproj/LaunchScreen.storyboard; sourceTree = "<group>"; };
		7BD06123242D300D00A1C2D6 /* Info.plist */ = {isa = PBXFileReference; lastKnownFileType = text.plist.xml; path = Info.plist; sourceTree = "<group>"; };
		7BD06128242D300D00A1C2D6 /* FlickrTests.xctest */ = {isa = PBXFileReference; explicitFileType = wrapper.cfbundle; includeInIndex = 0; path = FlickrTests.xctest; sourceTree = BUILT_PRODUCTS_DIR; };
		7BD0612C242D300D00A1C2D6 /* FlickrTests.swift */ = {isa = PBXFileReference; lastKnownFileType = sourcecode.swift; path = FlickrTests.swift; sourceTree = "<group>"; };
		7BD0612E242D300D00A1C2D6 /* Info.plist */ = {isa = PBXFileReference; lastKnownFileType = text.plist.xml; path = Info.plist; sourceTree = "<group>"; };
		7BD06133242D300D00A1C2D6 /* FlickrUITests.xctest */ = {isa = PBXFileReference; explicitFileType = wrapper.cfbundle; includeInIndex = 0; path = FlickrUITests.xctest; sourceTree = BUILT_PRODUCTS_DIR; };
		7BD06137242D300D00A1C2D6 /* FlickrUITests.swift */ = {isa = PBXFileReference; lastKnownFileType = sourcecode.swift; path = FlickrUITests.swift; sourceTree = "<group>"; };
		7BD06139242D300D00A1C2D6 /* Info.plist */ = {isa = PBXFileReference; lastKnownFileType = text.plist.xml; path = Info.plist; sourceTree = "<group>"; };
		7BD06148242D338700A1C2D6 /* FLPhotosManager.swift */ = {isa = PBXFileReference; lastKnownFileType = sourcecode.swift; path = FLPhotosManager.swift; sourceTree = "<group>"; };
		7BD0614A242D345D00A1C2D6 /* FLPhoto.swift */ = {isa = PBXFileReference; lastKnownFileType = sourcecode.swift; path = FLPhoto.swift; sourceTree = "<group>"; };
		7BD0614C242D347000A1C2D6 /* FLPhotosList.swift */ = {isa = PBXFileReference; lastKnownFileType = sourcecode.swift; path = FLPhotosList.swift; sourceTree = "<group>"; };
		7BD0614F242D34A300A1C2D6 /* FLPhotosResult.swift */ = {isa = PBXFileReference; lastKnownFileType = sourcecode.swift; path = FLPhotosResult.swift; sourceTree = "<group>"; };
		7BD06154242D35C300A1C2D6 /* Dictionary+HTTPParameters.swift */ = {isa = PBXFileReference; lastKnownFileType = sourcecode.swift; path = "Dictionary+HTTPParameters.swift"; sourceTree = "<group>"; };
		7BD06157242D35F100A1C2D6 /* String+Encoding.swift */ = {isa = PBXFileReference; lastKnownFileType = sourcecode.swift; path = "String+Encoding.swift"; sourceTree = "<group>"; };
		7BD0615B242D425600A1C2D6 /* HomeSearchTableViewController.swift */ = {isa = PBXFileReference; lastKnownFileType = sourcecode.swift; path = HomeSearchTableViewController.swift; sourceTree = "<group>"; };
		7BD0615D242D4CD600A1C2D6 /* FlickrPhotoTableViewCell.swift */ = {isa = PBXFileReference; lastKnownFileType = sourcecode.swift; path = FlickrPhotoTableViewCell.swift; sourceTree = "<group>"; };
		7BD06160242D581800A1C2D6 /* FLImageView.swift */ = {isa = PBXFileReference; lastKnownFileType = sourcecode.swift; path = FLImageView.swift; sourceTree = "<group>"; };
		7BD06162242D59DE00A1C2D6 /* HomePresenter.swift */ = {isa = PBXFileReference; lastKnownFileType = sourcecode.swift; path = HomePresenter.swift; sourceTree = "<group>"; };
		7BE6A203242D78900037B8D0 /* UIAlertController+Errors.swift */ = {isa = PBXFileReference; lastKnownFileType = sourcecode.swift; path = "UIAlertController+Errors.swift"; sourceTree = "<group>"; };
		7BECE536242DE686001B454F /* FlickrPhotoTableViewCell+Configuration.swift */ = {isa = PBXFileReference; lastKnownFileType = sourcecode.swift; path = "FlickrPhotoTableViewCell+Configuration.swift"; sourceTree = "<group>"; };
		81A52289C45536AD43566E74 /* Pods_Flickr.framework */ = {isa = PBXFileReference; explicitFileType = wrapper.framework; includeInIndex = 0; path = Pods_Flickr.framework; sourceTree = BUILT_PRODUCTS_DIR; };
		AF78B7AA2158F4C5B1E86237 /* Pods-Flickr.debug.xcconfig */ = {isa = PBXFileReference; includeInIndex = 1; lastKnownFileType = text.xcconfig; name = "Pods-Flickr.debug.xcconfig"; path = "Target Support Files/Pods-Flickr/Pods-Flickr.debug.xcconfig"; sourceTree = "<group>"; };
		B3F882A9644AAC67FE7E6877 /* Pods-FlickrTests.debug.xcconfig */ = {isa = PBXFileReference; includeInIndex = 1; lastKnownFileType = text.xcconfig; name = "Pods-FlickrTests.debug.xcconfig"; path = "Target Support Files/Pods-FlickrTests/Pods-FlickrTests.debug.xcconfig"; sourceTree = "<group>"; };
		D75052EC2E89210F73DDE3E2 /* Pods-Flickr.release.xcconfig */ = {isa = PBXFileReference; includeInIndex = 1; lastKnownFileType = text.xcconfig; name = "Pods-Flickr.release.xcconfig"; path = "Target Support Files/Pods-Flickr/Pods-Flickr.release.xcconfig"; sourceTree = "<group>"; };
		F36FCD100B02221651A967FC /* Pods-FlickrTests.release.xcconfig */ = {isa = PBXFileReference; includeInIndex = 1; lastKnownFileType = text.xcconfig; name = "Pods-FlickrTests.release.xcconfig"; path = "Target Support Files/Pods-FlickrTests/Pods-FlickrTests.release.xcconfig"; sourceTree = "<group>"; };
/* End PBXFileReference section */

/* Begin PBXFrameworksBuildPhase section */
		7BD0610F242D300C00A1C2D6 /* Frameworks */ = {
			isa = PBXFrameworksBuildPhase;
			buildActionMask = 2147483647;
			files = (
				7A709AAA9162FB2A89FE072E /* Pods_Flickr.framework in Frameworks */,
			);
			runOnlyForDeploymentPostprocessing = 0;
		};
		7BD06125242D300D00A1C2D6 /* Frameworks */ = {
			isa = PBXFrameworksBuildPhase;
			buildActionMask = 2147483647;
			files = (
				EA53BAB2AF2E09E7A334AA17 /* Pods_FlickrTests.framework in Frameworks */,
			);
			runOnlyForDeploymentPostprocessing = 0;
		};
		7BD06130242D300D00A1C2D6 /* Frameworks */ = {
			isa = PBXFrameworksBuildPhase;
			buildActionMask = 2147483647;
			files = (
				85985D3E2DC46190F7847082 /* Pods_Flickr_FlickrUITests.framework in Frameworks */,
			);
			runOnlyForDeploymentPostprocessing = 0;
		};
/* End PBXFrameworksBuildPhase section */

/* Begin PBXGroup section */
		1338F31605803AF3F5C9AC8D /* Frameworks */ = {
			isa = PBXGroup;
			children = (
				81A52289C45536AD43566E74 /* Pods_Flickr.framework */,
				0347EC1107F1A68DF01BED2C /* Pods_Flickr_FlickrUITests.framework */,
				7357FAC6706EC2EEB92CA2B8 /* Pods_FlickrTests.framework */,
			);
			name = Frameworks;
			sourceTree = "<group>";
		};
		7BD06109242D300C00A1C2D6 = {
			isa = PBXGroup;
			children = (
				7BD06114242D300C00A1C2D6 /* Flickr */,
				7BD0612B242D300D00A1C2D6 /* FlickrTests */,
				7BD06136242D300D00A1C2D6 /* FlickrUITests */,
				7BD06113242D300C00A1C2D6 /* Products */,
				D5926F77F945CBE55AA1CC04 /* Pods */,
				1338F31605803AF3F5C9AC8D /* Frameworks */,
			);
			sourceTree = "<group>";
		};
		7BD06113242D300C00A1C2D6 /* Products */ = {
			isa = PBXGroup;
			children = (
				7BD06112242D300C00A1C2D6 /* Flickr.app */,
				7BD06128242D300D00A1C2D6 /* FlickrTests.xctest */,
				7BD06133242D300D00A1C2D6 /* FlickrUITests.xctest */,
			);
			name = Products;
			sourceTree = "<group>";
		};
		7BD06114242D300C00A1C2D6 /* Flickr */ = {
			isa = PBXGroup;
			children = (
				7BD06115242D300C00A1C2D6 /* AppDelegate.swift */,
				7BD06145242D323D00A1C2D6 /* Networking */,
				7BD06152242D35A600A1C2D6 /* UI */,
				7BD06164242D59E400A1C2D6 /* Presenters */,
				7BD0615F242D57FA00A1C2D6 /* Custom Views */,
				7BD06151242D359000A1C2D6 /* Categories */,
				7BD0611E242D300D00A1C2D6 /* Assets.xcassets */,
				7BD06120242D300D00A1C2D6 /* LaunchScreen.storyboard */,
				7BD06123242D300D00A1C2D6 /* Info.plist */,
			);
			path = Flickr;
			sourceTree = "<group>";
		};
		7BD0612B242D300D00A1C2D6 /* FlickrTests */ = {
			isa = PBXGroup;
			children = (
				7BD0612C242D300D00A1C2D6 /* FlickrTests.swift */,
				7BD0612E242D300D00A1C2D6 /* Info.plist */,
			);
			path = FlickrTests;
			sourceTree = "<group>";
		};
		7BD06136242D300D00A1C2D6 /* FlickrUITests */ = {
			isa = PBXGroup;
			children = (
				7BD06137242D300D00A1C2D6 /* FlickrUITests.swift */,
				7BD06139242D300D00A1C2D6 /* Info.plist */,
			);
			path = FlickrUITests;
			sourceTree = "<group>";
		};
		7BD06145242D323D00A1C2D6 /* Networking */ = {
			isa = PBXGroup;
			children = (
				7BD06146242D324700A1C2D6 /* Models */,
				7BD06147242D324D00A1C2D6 /* Managers */,
			);
			path = Networking;
			sourceTree = "<group>";
		};
		7BD06146242D324700A1C2D6 /* Models */ = {
			isa = PBXGroup;
			children = (
				7BD0614A242D345D00A1C2D6 /* FLPhoto.swift */,
				7BD0614C242D347000A1C2D6 /* FLPhotosList.swift */,
				7BD0614F242D34A300A1C2D6 /* FLPhotosResult.swift */,
			);
			path = Models;
			sourceTree = "<group>";
		};
		7BD06147242D324D00A1C2D6 /* Managers */ = {
			isa = PBXGroup;
			children = (
				7BD06148242D338700A1C2D6 /* FLPhotosManager.swift */,
			);
			path = Managers;
			sourceTree = "<group>";
		};
		7BD06151242D359000A1C2D6 /* Categories */ = {
			isa = PBXGroup;
			children = (
				7BECE535242DE66C001B454F /* FlickrPhotoTableViewCell */,
				7BE6A202242D5D8E0037B8D0 /* UIAlertController */,
				7BD06156242D35E100A1C2D6 /* String */,
				7BD06153242D35B000A1C2D6 /* Dictionary */,
			);
			path = Categories;
			sourceTree = "<group>";
		};
		7BD06152242D35A600A1C2D6 /* UI */ = {
			isa = PBXGroup;
			children = (
				7BD0615A242D3FEA00A1C2D6 /* Views */,
				7BD06159242D3FE200A1C2D6 /* View Controllers */,
			);
			path = UI;
			sourceTree = "<group>";
		};
		7BD06153242D35B000A1C2D6 /* Dictionary */ = {
			isa = PBXGroup;
			children = (
				7BD06154242D35C300A1C2D6 /* Dictionary+HTTPParameters.swift */,
			);
			path = Dictionary;
			sourceTree = "<group>";
		};
		7BD06156242D35E100A1C2D6 /* String */ = {
			isa = PBXGroup;
			children = (
				7BD06157242D35F100A1C2D6 /* String+Encoding.swift */,
			);
			path = String;
			sourceTree = "<group>";
		};
		7BD06159242D3FE200A1C2D6 /* View Controllers */ = {
			isa = PBXGroup;
			children = (
				7BD0615B242D425600A1C2D6 /* HomeSearchTableViewController.swift */,
			);
			path = "View Controllers";
			sourceTree = "<group>";
		};
		7BD0615A242D3FEA00A1C2D6 /* Views */ = {
			isa = PBXGroup;
			children = (
				7BD0615D242D4CD600A1C2D6 /* FlickrPhotoTableViewCell.swift */,
			);
			path = Views;
			sourceTree = "<group>";
		};
		7BD0615F242D57FA00A1C2D6 /* Custom Views */ = {
			isa = PBXGroup;
			children = (
				7BD06160242D581800A1C2D6 /* FLImageView.swift */,
			);
			path = "Custom Views";
			sourceTree = "<group>";
		};
		7BD06164242D59E400A1C2D6 /* Presenters */ = {
			isa = PBXGroup;
			children = (
				7BD06162242D59DE00A1C2D6 /* HomePresenter.swift */,
			);
			path = Presenters;
			sourceTree = "<group>";
		};
		7BE6A202242D5D8E0037B8D0 /* UIAlertController */ = {
			isa = PBXGroup;
			children = (
				7BE6A203242D78900037B8D0 /* UIAlertController+Errors.swift */,
			);
			path = UIAlertController;
			sourceTree = "<group>";
		};
		7BECE535242DE66C001B454F /* FlickrPhotoTableViewCell */ = {
			isa = PBXGroup;
			children = (
				7BECE536242DE686001B454F /* FlickrPhotoTableViewCell+Configuration.swift */,
			);
			path = FlickrPhotoTableViewCell;
			sourceTree = "<group>";
		};
		D5926F77F945CBE55AA1CC04 /* Pods */ = {
			isa = PBXGroup;
			children = (
				AF78B7AA2158F4C5B1E86237 /* Pods-Flickr.debug.xcconfig */,
				D75052EC2E89210F73DDE3E2 /* Pods-Flickr.release.xcconfig */,
				72C5753A3EDA052B1426E8DF /* Pods-Flickr-FlickrUITests.debug.xcconfig */,
				71D664511631C49CEB95B724 /* Pods-Flickr-FlickrUITests.release.xcconfig */,
				B3F882A9644AAC67FE7E6877 /* Pods-FlickrTests.debug.xcconfig */,
				F36FCD100B02221651A967FC /* Pods-FlickrTests.release.xcconfig */,
			);
			path = Pods;
			sourceTree = "<group>";
		};
/* End PBXGroup section */

/* Begin PBXNativeTarget section */
		7BD06111242D300C00A1C2D6 /* Flickr */ = {
			isa = PBXNativeTarget;
			buildConfigurationList = 7BD0613C242D300D00A1C2D6 /* Build configuration list for PBXNativeTarget "Flickr" */;
			buildPhases = (
				8FB626ABEE35CD6DF7A440BF /* [CP] Check Pods Manifest.lock */,
				7BD0610E242D300C00A1C2D6 /* Sources */,
				7BD0610F242D300C00A1C2D6 /* Frameworks */,
				7BD06110242D300C00A1C2D6 /* Resources */,
				5D9BD2218B7ED857E7655FF8 /* [CP] Embed Pods Frameworks */,
			);
			buildRules = (
			);
			dependencies = (
			);
			name = Flickr;
			productName = Flickr;
			productReference = 7BD06112242D300C00A1C2D6 /* Flickr.app */;
			productType = "com.apple.product-type.application";
		};
		7BD06127242D300D00A1C2D6 /* FlickrTests */ = {
			isa = PBXNativeTarget;
			buildConfigurationList = 7BD0613F242D300D00A1C2D6 /* Build configuration list for PBXNativeTarget "FlickrTests" */;
			buildPhases = (
				7F3A738DB3E32224B4DD0A0D /* [CP] Check Pods Manifest.lock */,
				7BD06124242D300D00A1C2D6 /* Sources */,
				7BD06125242D300D00A1C2D6 /* Frameworks */,
				7BD06126242D300D00A1C2D6 /* Resources */,
			);
			buildRules = (
			);
			dependencies = (
				7BD0612A242D300D00A1C2D6 /* PBXTargetDependency */,
			);
			name = FlickrTests;
			productName = FlickrTests;
			productReference = 7BD06128242D300D00A1C2D6 /* FlickrTests.xctest */;
			productType = "com.apple.product-type.bundle.unit-test";
		};
		7BD06132242D300D00A1C2D6 /* FlickrUITests */ = {
			isa = PBXNativeTarget;
			buildConfigurationList = 7BD06142242D300D00A1C2D6 /* Build configuration list for PBXNativeTarget "FlickrUITests" */;
			buildPhases = (
				3D66E6ACB60AB371578752B0 /* [CP] Check Pods Manifest.lock */,
				7BD0612F242D300D00A1C2D6 /* Sources */,
				7BD06130242D300D00A1C2D6 /* Frameworks */,
				7BD06131242D300D00A1C2D6 /* Resources */,
				1BF3EDB575C7694BB8893749 /* [CP] Embed Pods Frameworks */,
			);
			buildRules = (
			);
			dependencies = (
				7BD06135242D300D00A1C2D6 /* PBXTargetDependency */,
			);
			name = FlickrUITests;
			productName = FlickrUITests;
			productReference = 7BD06133242D300D00A1C2D6 /* FlickrUITests.xctest */;
			productType = "com.apple.product-type.bundle.ui-testing";
		};
/* End PBXNativeTarget section */

/* Begin PBXProject section */
		7BD0610A242D300C00A1C2D6 /* Project object */ = {
			isa = PBXProject;
			attributes = {
				LastSwiftUpdateCheck = 1120;
				LastUpgradeCheck = 1120;
				ORGANIZATIONNAME = Andela;
				TargetAttributes = {
					7BD06111242D300C00A1C2D6 = {
						CreatedOnToolsVersion = 11.2.1;
					};
					7BD06127242D300D00A1C2D6 = {
						CreatedOnToolsVersion = 11.2.1;
						TestTargetID = 7BD06111242D300C00A1C2D6;
					};
					7BD06132242D300D00A1C2D6 = {
						CreatedOnToolsVersion = 11.2.1;
						TestTargetID = 7BD06111242D300C00A1C2D6;
					};
				};
			};
			buildConfigurationList = 7BD0610D242D300C00A1C2D6 /* Build configuration list for PBXProject "Flickr" */;
			compatibilityVersion = "Xcode 9.3";
			developmentRegion = en;
			hasScannedForEncodings = 0;
			knownRegions = (
				en,
				Base,
			);
			mainGroup = 7BD06109242D300C00A1C2D6;
			productRefGroup = 7BD06113242D300C00A1C2D6 /* Products */;
			projectDirPath = "";
			projectRoot = "";
			targets = (
				7BD06111242D300C00A1C2D6 /* Flickr */,
				7BD06127242D300D00A1C2D6 /* FlickrTests */,
				7BD06132242D300D00A1C2D6 /* FlickrUITests */,
			);
		};
/* End PBXProject section */

/* Begin PBXResourcesBuildPhase section */
		7BD06110242D300C00A1C2D6 /* Resources */ = {
			isa = PBXResourcesBuildPhase;
			buildActionMask = 2147483647;
			files = (
				7BD06122242D300D00A1C2D6 /* LaunchScreen.storyboard in Resources */,
				7BD0611F242D300D00A1C2D6 /* Assets.xcassets in Resources */,
			);
			runOnlyForDeploymentPostprocessing = 0;
		};
		7BD06126242D300D00A1C2D6 /* Resources */ = {
			isa = PBXResourcesBuildPhase;
			buildActionMask = 2147483647;
			files = (
			);
			runOnlyForDeploymentPostprocessing = 0;
		};
		7BD06131242D300D00A1C2D6 /* Resources */ = {
			isa = PBXResourcesBuildPhase;
			buildActionMask = 2147483647;
			files = (
			);
			runOnlyForDeploymentPostprocessing = 0;
		};
/* End PBXResourcesBuildPhase section */

/* Begin PBXShellScriptBuildPhase section */
		1BF3EDB575C7694BB8893749 /* [CP] Embed Pods Frameworks */ = {
			isa = PBXShellScriptBuildPhase;
			buildActionMask = 2147483647;
			files = (
			);
			inputFileListPaths = (
				"${PODS_ROOT}/Target Support Files/Pods-Flickr-FlickrUITests/Pods-Flickr-FlickrUITests-frameworks-${CONFIGURATION}-input-files.xcfilelist",
			);
			name = "[CP] Embed Pods Frameworks";
			outputFileListPaths = (
				"${PODS_ROOT}/Target Support Files/Pods-Flickr-FlickrUITests/Pods-Flickr-FlickrUITests-frameworks-${CONFIGURATION}-output-files.xcfilelist",
			);
			runOnlyForDeploymentPostprocessing = 0;
			shellPath = /bin/sh;
			shellScript = "\"${PODS_ROOT}/Target Support Files/Pods-Flickr-FlickrUITests/Pods-Flickr-FlickrUITests-frameworks.sh\"\n";
			showEnvVarsInLog = 0;
		};
		3D66E6ACB60AB371578752B0 /* [CP] Check Pods Manifest.lock */ = {
			isa = PBXShellScriptBuildPhase;
			buildActionMask = 2147483647;
			files = (
			);
			inputFileListPaths = (
			);
			inputPaths = (
				"${PODS_PODFILE_DIR_PATH}/Podfile.lock",
				"${PODS_ROOT}/Manifest.lock",
			);
			name = "[CP] Check Pods Manifest.lock";
			outputFileListPaths = (
			);
			outputPaths = (
				"$(DERIVED_FILE_DIR)/Pods-Flickr-FlickrUITests-checkManifestLockResult.txt",
			);
			runOnlyForDeploymentPostprocessing = 0;
			shellPath = /bin/sh;
			shellScript = "diff \"${PODS_PODFILE_DIR_PATH}/Podfile.lock\" \"${PODS_ROOT}/Manifest.lock\" > /dev/null\nif [ $? != 0 ] ; then\n    # print error to STDERR\n    echo \"error: The sandbox is not in sync with the Podfile.lock. Run 'pod install' or update your CocoaPods installation.\" >&2\n    exit 1\nfi\n# This output is used by Xcode 'outputs' to avoid re-running this script phase.\necho \"SUCCESS\" > \"${SCRIPT_OUTPUT_FILE_0}\"\n";
			showEnvVarsInLog = 0;
		};
		5D9BD2218B7ED857E7655FF8 /* [CP] Embed Pods Frameworks */ = {
			isa = PBXShellScriptBuildPhase;
			buildActionMask = 2147483647;
			files = (
			);
			inputFileListPaths = (
				"${PODS_ROOT}/Target Support Files/Pods-Flickr/Pods-Flickr-frameworks-${CONFIGURATION}-input-files.xcfilelist",
			);
			name = "[CP] Embed Pods Frameworks";
			outputFileListPaths = (
				"${PODS_ROOT}/Target Support Files/Pods-Flickr/Pods-Flickr-frameworks-${CONFIGURATION}-output-files.xcfilelist",
			);
			runOnlyForDeploymentPostprocessing = 0;
			shellPath = /bin/sh;
			shellScript = "\"${PODS_ROOT}/Target Support Files/Pods-Flickr/Pods-Flickr-frameworks.sh\"\n";
			showEnvVarsInLog = 0;
		};
		7F3A738DB3E32224B4DD0A0D /* [CP] Check Pods Manifest.lock */ = {
			isa = PBXShellScriptBuildPhase;
			buildActionMask = 2147483647;
			files = (
			);
			inputFileListPaths = (
			);
			inputPaths = (
				"${PODS_PODFILE_DIR_PATH}/Podfile.lock",
				"${PODS_ROOT}/Manifest.lock",
			);
			name = "[CP] Check Pods Manifest.lock";
			outputFileListPaths = (
			);
			outputPaths = (
				"$(DERIVED_FILE_DIR)/Pods-FlickrTests-checkManifestLockResult.txt",
			);
			runOnlyForDeploymentPostprocessing = 0;
			shellPath = /bin/sh;
			shellScript = "diff \"${PODS_PODFILE_DIR_PATH}/Podfile.lock\" \"${PODS_ROOT}/Manifest.lock\" > /dev/null\nif [ $? != 0 ] ; then\n    # print error to STDERR\n    echo \"error: The sandbox is not in sync with the Podfile.lock. Run 'pod install' or update your CocoaPods installation.\" >&2\n    exit 1\nfi\n# This output is used by Xcode 'outputs' to avoid re-running this script phase.\necho \"SUCCESS\" > \"${SCRIPT_OUTPUT_FILE_0}\"\n";
			showEnvVarsInLog = 0;
		};
		8FB626ABEE35CD6DF7A440BF /* [CP] Check Pods Manifest.lock */ = {
			isa = PBXShellScriptBuildPhase;
			buildActionMask = 2147483647;
			files = (
			);
			inputFileListPaths = (
			);
			inputPaths = (
				"${PODS_PODFILE_DIR_PATH}/Podfile.lock",
				"${PODS_ROOT}/Manifest.lock",
			);
			name = "[CP] Check Pods Manifest.lock";
			outputFileListPaths = (
			);
			outputPaths = (
				"$(DERIVED_FILE_DIR)/Pods-Flickr-checkManifestLockResult.txt",
			);
			runOnlyForDeploymentPostprocessing = 0;
			shellPath = /bin/sh;
			shellScript = "diff \"${PODS_PODFILE_DIR_PATH}/Podfile.lock\" \"${PODS_ROOT}/Manifest.lock\" > /dev/null\nif [ $? != 0 ] ; then\n    # print error to STDERR\n    echo \"error: The sandbox is not in sync with the Podfile.lock. Run 'pod install' or update your CocoaPods installation.\" >&2\n    exit 1\nfi\n# This output is used by Xcode 'outputs' to avoid re-running this script phase.\necho \"SUCCESS\" > \"${SCRIPT_OUTPUT_FILE_0}\"\n";
			showEnvVarsInLog = 0;
		};
/* End PBXShellScriptBuildPhase section */

/* Begin PBXSourcesBuildPhase section */
		7BD0610E242D300C00A1C2D6 /* Sources */ = {
			isa = PBXSourcesBuildPhase;
			buildActionMask = 2147483647;
			files = (
				7BD06161242D581800A1C2D6 /* FLImageView.swift in Sources */,
				7BD0614B242D345D00A1C2D6 /* FLPhoto.swift in Sources */,
				7BD06150242D34A300A1C2D6 /* FLPhotosResult.swift in Sources */,
				7BD06158242D35F100A1C2D6 /* String+Encoding.swift in Sources */,
				7BD0614D242D347000A1C2D6 /* FLPhotosList.swift in Sources */,
				7BD0615C242D425600A1C2D6 /* HomeSearchTableViewController.swift in Sources */,
				7BD06155242D35C300A1C2D6 /* Dictionary+HTTPParameters.swift in Sources */,
				7BD06149242D338700A1C2D6 /* FLPhotosManager.swift in Sources */,
				7BECE537242DE686001B454F /* FlickrPhotoTableViewCell+Configuration.swift in Sources */,
				7BD06116242D300C00A1C2D6 /* AppDelegate.swift in Sources */,
				7BD0615E242D4CD600A1C2D6 /* FlickrPhotoTableViewCell.swift in Sources */,
				7BD06163242D59DE00A1C2D6 /* HomePresenter.swift in Sources */,
				7BE6A204242D78900037B8D0 /* UIAlertController+Errors.swift in Sources */,
			);
			runOnlyForDeploymentPostprocessing = 0;
		};
		7BD06124242D300D00A1C2D6 /* Sources */ = {
			isa = PBXSourcesBuildPhase;
			buildActionMask = 2147483647;
			files = (
				7BD0612D242D300D00A1C2D6 /* FlickrTests.swift in Sources */,
			);
			runOnlyForDeploymentPostprocessing = 0;
		};
		7BD0612F242D300D00A1C2D6 /* Sources */ = {
			isa = PBXSourcesBuildPhase;
			buildActionMask = 2147483647;
			files = (
				7BD06138242D300D00A1C2D6 /* FlickrUITests.swift in Sources */,
			);
			runOnlyForDeploymentPostprocessing = 0;
		};
/* End PBXSourcesBuildPhase section */

/* Begin PBXTargetDependency section */
		7BD0612A242D300D00A1C2D6 /* PBXTargetDependency */ = {
			isa = PBXTargetDependency;
			target = 7BD06111242D300C00A1C2D6 /* Flickr */;
			targetProxy = 7BD06129242D300D00A1C2D6 /* PBXContainerItemProxy */;
		};
		7BD06135242D300D00A1C2D6 /* PBXTargetDependency */ = {
			isa = PBXTargetDependency;
			target = 7BD06111242D300C00A1C2D6 /* Flickr */;
			targetProxy = 7BD06134242D300D00A1C2D6 /* PBXContainerItemProxy */;
		};
/* End PBXTargetDependency section */

/* Begin PBXVariantGroup section */
		7BD06120242D300D00A1C2D6 /* LaunchScreen.storyboard */ = {
			isa = PBXVariantGroup;
			children = (
				7BD06121242D300D00A1C2D6 /* Base */,
			);
			name = LaunchScreen.storyboard;
			sourceTree = "<group>";
		};
/* End PBXVariantGroup section */

/* Begin XCBuildConfiguration section */
		7BD0613A242D300D00A1C2D6 /* Debug */ = {
			isa = XCBuildConfiguration;
			buildSettings = {
				ALWAYS_SEARCH_USER_PATHS = NO;
				CLANG_ANALYZER_NONNULL = YES;
				CLANG_ANALYZER_NUMBER_OBJECT_CONVERSION = YES_AGGRESSIVE;
				CLANG_CXX_LANGUAGE_STANDARD = "gnu++14";
				CLANG_CXX_LIBRARY = "libc++";
				CLANG_ENABLE_MODULES = YES;
				CLANG_ENABLE_OBJC_ARC = YES;
				CLANG_ENABLE_OBJC_WEAK = YES;
				CLANG_WARN_BLOCK_CAPTURE_AUTORELEASING = YES;
				CLANG_WARN_BOOL_CONVERSION = YES;
				CLANG_WARN_COMMA = YES;
				CLANG_WARN_CONSTANT_CONVERSION = YES;
				CLANG_WARN_DEPRECATED_OBJC_IMPLEMENTATIONS = YES;
				CLANG_WARN_DIRECT_OBJC_ISA_USAGE = YES_ERROR;
				CLANG_WARN_DOCUMENTATION_COMMENTS = YES;
				CLANG_WARN_EMPTY_BODY = YES;
				CLANG_WARN_ENUM_CONVERSION = YES;
				CLANG_WARN_INFINITE_RECURSION = YES;
				CLANG_WARN_INT_CONVERSION = YES;
				CLANG_WARN_NON_LITERAL_NULL_CONVERSION = YES;
				CLANG_WARN_OBJC_IMPLICIT_RETAIN_SELF = YES;
				CLANG_WARN_OBJC_LITERAL_CONVERSION = YES;
				CLANG_WARN_OBJC_ROOT_CLASS = YES_ERROR;
				CLANG_WARN_RANGE_LOOP_ANALYSIS = YES;
				CLANG_WARN_STRICT_PROTOTYPES = YES;
				CLANG_WARN_SUSPICIOUS_MOVE = YES;
				CLANG_WARN_UNGUARDED_AVAILABILITY = YES_AGGRESSIVE;
				CLANG_WARN_UNREACHABLE_CODE = YES;
				CLANG_WARN__DUPLICATE_METHOD_MATCH = YES;
				COPY_PHASE_STRIP = NO;
				DEBUG_INFORMATION_FORMAT = dwarf;
				ENABLE_STRICT_OBJC_MSGSEND = YES;
				ENABLE_TESTABILITY = YES;
				GCC_C_LANGUAGE_STANDARD = gnu11;
				GCC_DYNAMIC_NO_PIC = NO;
				GCC_NO_COMMON_BLOCKS = YES;
				GCC_OPTIMIZATION_LEVEL = 0;
				GCC_PREPROCESSOR_DEFINITIONS = (
					"DEBUG=1",
					"$(inherited)",
				);
				GCC_WARN_64_TO_32_BIT_CONVERSION = YES;
				GCC_WARN_ABOUT_RETURN_TYPE = YES_ERROR;
				GCC_WARN_UNDECLARED_SELECTOR = YES;
				GCC_WARN_UNINITIALIZED_AUTOS = YES_AGGRESSIVE;
				GCC_WARN_UNUSED_FUNCTION = YES;
				GCC_WARN_UNUSED_VARIABLE = YES;
				IPHONEOS_DEPLOYMENT_TARGET = 13.2;
				MTL_ENABLE_DEBUG_INFO = INCLUDE_SOURCE;
				MTL_FAST_MATH = YES;
				ONLY_ACTIVE_ARCH = YES;
				SDKROOT = iphoneos;
				SWIFT_ACTIVE_COMPILATION_CONDITIONS = DEBUG;
				SWIFT_OPTIMIZATION_LEVEL = "-Onone";
			};
			name = Debug;
		};
		7BD0613B242D300D00A1C2D6 /* Release */ = {
			isa = XCBuildConfiguration;
			buildSettings = {
				ALWAYS_SEARCH_USER_PATHS = NO;
				CLANG_ANALYZER_NONNULL = YES;
				CLANG_ANALYZER_NUMBER_OBJECT_CONVERSION = YES_AGGRESSIVE;
				CLANG_CXX_LANGUAGE_STANDARD = "gnu++14";
				CLANG_CXX_LIBRARY = "libc++";
				CLANG_ENABLE_MODULES = YES;
				CLANG_ENABLE_OBJC_ARC = YES;
				CLANG_ENABLE_OBJC_WEAK = YES;
				CLANG_WARN_BLOCK_CAPTURE_AUTORELEASING = YES;
				CLANG_WARN_BOOL_CONVERSION = YES;
				CLANG_WARN_COMMA = YES;
				CLANG_WARN_CONSTANT_CONVERSION = YES;
				CLANG_WARN_DEPRECATED_OBJC_IMPLEMENTATIONS = YES;
				CLANG_WARN_DIRECT_OBJC_ISA_USAGE = YES_ERROR;
				CLANG_WARN_DOCUMENTATION_COMMENTS = YES;
				CLANG_WARN_EMPTY_BODY = YES;
				CLANG_WARN_ENUM_CONVERSION = YES;
				CLANG_WARN_INFINITE_RECURSION = YES;
				CLANG_WARN_INT_CONVERSION = YES;
				CLANG_WARN_NON_LITERAL_NULL_CONVERSION = YES;
				CLANG_WARN_OBJC_IMPLICIT_RETAIN_SELF = YES;
				CLANG_WARN_OBJC_LITERAL_CONVERSION = YES;
				CLANG_WARN_OBJC_ROOT_CLASS = YES_ERROR;
				CLANG_WARN_RANGE_LOOP_ANALYSIS = YES;
				CLANG_WARN_STRICT_PROTOTYPES = YES;
				CLANG_WARN_SUSPICIOUS_MOVE = YES;
				CLANG_WARN_UNGUARDED_AVAILABILITY = YES_AGGRESSIVE;
				CLANG_WARN_UNREACHABLE_CODE = YES;
				CLANG_WARN__DUPLICATE_METHOD_MATCH = YES;
				COPY_PHASE_STRIP = NO;
				DEBUG_INFORMATION_FORMAT = "dwarf-with-dsym";
				ENABLE_NS_ASSERTIONS = NO;
				ENABLE_STRICT_OBJC_MSGSEND = YES;
				GCC_C_LANGUAGE_STANDARD = gnu11;
				GCC_NO_COMMON_BLOCKS = YES;
				GCC_WARN_64_TO_32_BIT_CONVERSION = YES;
				GCC_WARN_ABOUT_RETURN_TYPE = YES_ERROR;
				GCC_WARN_UNDECLARED_SELECTOR = YES;
				GCC_WARN_UNINITIALIZED_AUTOS = YES_AGGRESSIVE;
				GCC_WARN_UNUSED_FUNCTION = YES;
				GCC_WARN_UNUSED_VARIABLE = YES;
				IPHONEOS_DEPLOYMENT_TARGET = 13.2;
				MTL_ENABLE_DEBUG_INFO = NO;
				MTL_FAST_MATH = YES;
				SDKROOT = iphoneos;
				SWIFT_COMPILATION_MODE = wholemodule;
				SWIFT_OPTIMIZATION_LEVEL = "-O";
				VALIDATE_PRODUCT = YES;
			};
			name = Release;
		};
		7BD0613D242D300D00A1C2D6 /* Debug */ = {
			isa = XCBuildConfiguration;
			baseConfigurationReference = AF78B7AA2158F4C5B1E86237 /* Pods-Flickr.debug.xcconfig */;
			buildSettings = {
				ASSETCATALOG_COMPILER_APPICON_NAME = AppIcon;
				CODE_SIGN_STYLE = Automatic;
				INFOPLIST_FILE = Flickr/Info.plist;
				IPHONEOS_DEPLOYMENT_TARGET = 11.0;
				LD_RUNPATH_SEARCH_PATHS = (
					"$(inherited)",
					"@executable_path/Frameworks",
				);
				PRODUCT_BUNDLE_IDENTIFIER = com.andela.Flickr;
				PRODUCT_NAME = "$(TARGET_NAME)";
				SWIFT_VERSION = 5.0;
				TARGETED_DEVICE_FAMILY = "1,2";
			};
			name = Debug;
		};
		7BD0613E242D300D00A1C2D6 /* Release */ = {
			isa = XCBuildConfiguration;
			baseConfigurationReference = D75052EC2E89210F73DDE3E2 /* Pods-Flickr.release.xcconfig */;
			buildSettings = {
				ASSETCATALOG_COMPILER_APPICON_NAME = AppIcon;
				CODE_SIGN_STYLE = Automatic;
				INFOPLIST_FILE = Flickr/Info.plist;
				IPHONEOS_DEPLOYMENT_TARGET = 11.0;
				LD_RUNPATH_SEARCH_PATHS = (
					"$(inherited)",
					"@executable_path/Frameworks",
				);
				PRODUCT_BUNDLE_IDENTIFIER = com.andela.Flickr;
				PRODUCT_NAME = "$(TARGET_NAME)";
				SWIFT_VERSION = 5.0;
				TARGETED_DEVICE_FAMILY = "1,2";
			};
			name = Release;
		};
		7BD06140242D300D00A1C2D6 /* Debug */ = {
			isa = XCBuildConfiguration;
			baseConfigurationReference = B3F882A9644AAC67FE7E6877 /* Pods-FlickrTests.debug.xcconfig */;
			buildSettings = {
				ALWAYS_EMBED_SWIFT_STANDARD_LIBRARIES = YES;
				BUNDLE_LOADER = "$(TEST_HOST)";
				CODE_SIGN_STYLE = Automatic;
				INFOPLIST_FILE = FlickrTests/Info.plist;
				IPHONEOS_DEPLOYMENT_TARGET = 13.2;
				LD_RUNPATH_SEARCH_PATHS = (
					"$(inherited)",
					"@executable_path/Frameworks",
					"@loader_path/Frameworks",
				);
				PRODUCT_BUNDLE_IDENTIFIER = com.andela.FlickrTests;
				PRODUCT_NAME = "$(TARGET_NAME)";
				SWIFT_VERSION = 5.0;
				TARGETED_DEVICE_FAMILY = "1,2";
				TEST_HOST = "$(BUILT_PRODUCTS_DIR)/Flickr.app/Flickr";
			};
			name = Debug;
		};
		7BD06141242D300D00A1C2D6 /* Release */ = {
			isa = XCBuildConfiguration;
			baseConfigurationReference = F36FCD100B02221651A967FC /* Pods-FlickrTests.release.xcconfig */;
			buildSettings = {
				ALWAYS_EMBED_SWIFT_STANDARD_LIBRARIES = YES;
				BUNDLE_LOADER = "$(TEST_HOST)";
				CODE_SIGN_STYLE = Automatic;
				INFOPLIST_FILE = FlickrTests/Info.plist;
				IPHONEOS_DEPLOYMENT_TARGET = 13.2;
				LD_RUNPATH_SEARCH_PATHS = (
					"$(inherited)",
					"@executable_path/Frameworks",
					"@loader_path/Frameworks",
				);
				PRODUCT_BUNDLE_IDENTIFIER = com.andela.FlickrTests;
				PRODUCT_NAME = "$(TARGET_NAME)";
				SWIFT_VERSION = 5.0;
				TARGETED_DEVICE_FAMILY = "1,2";
				TEST_HOST = "$(BUILT_PRODUCTS_DIR)/Flickr.app/Flickr";
			};
			name = Release;
		};
		7BD06143242D300D00A1C2D6 /* Debug */ = {
			isa = XCBuildConfiguration;
			baseConfigurationReference = 72C5753A3EDA052B1426E8DF /* Pods-Flickr-FlickrUITests.debug.xcconfig */;
			buildSettings = {
				ALWAYS_EMBED_SWIFT_STANDARD_LIBRARIES = YES;
				CODE_SIGN_STYLE = Automatic;
				INFOPLIST_FILE = FlickrUITests/Info.plist;
				LD_RUNPATH_SEARCH_PATHS = (
					"$(inherited)",
					"@executable_path/Frameworks",
					"@loader_path/Frameworks",
				);
				PRODUCT_BUNDLE_IDENTIFIER = com.andela.FlickrUITests;
				PRODUCT_NAME = "$(TARGET_NAME)";
				SWIFT_VERSION = 5.0;
				TARGETED_DEVICE_FAMILY = "1,2";
				TEST_TARGET_NAME = Flickr;
			};
			name = Debug;
		};
		7BD06144242D300D00A1C2D6 /* Release */ = {
			isa = XCBuildConfiguration;
			baseConfigurationReference = 71D664511631C49CEB95B724 /* Pods-Flickr-FlickrUITests.release.xcconfig */;
			buildSettings = {
				ALWAYS_EMBED_SWIFT_STANDARD_LIBRARIES = YES;
				CODE_SIGN_STYLE = Automatic;
				INFOPLIST_FILE = FlickrUITests/Info.plist;
				LD_RUNPATH_SEARCH_PATHS = (
					"$(inherited)",
					"@executable_path/Frameworks",
					"@loader_path/Frameworks",
				);
				PRODUCT_BUNDLE_IDENTIFIER = com.andela.FlickrUITests;
				PRODUCT_NAME = "$(TARGET_NAME)";
				SWIFT_VERSION = 5.0;
				TARGETED_DEVICE_FAMILY = "1,2";
				TEST_TARGET_NAME = Flickr;
			};
			name = Release;
		};
/* End XCBuildConfiguration section */

/* Begin XCConfigurationList section */
		7BD0610D242D300C00A1C2D6 /* Build configuration list for PBXProject "Flickr" */ = {
			isa = XCConfigurationList;
			buildConfigurations = (
				7BD0613A242D300D00A1C2D6 /* Debug */,
				7BD0613B242D300D00A1C2D6 /* Release */,
			);
			defaultConfigurationIsVisible = 0;
			defaultConfigurationName = Release;
		};
		7BD0613C242D300D00A1C2D6 /* Build configuration list for PBXNativeTarget "Flickr" */ = {
			isa = XCConfigurationList;
			buildConfigurations = (
				7BD0613D242D300D00A1C2D6 /* Debug */,
				7BD0613E242D300D00A1C2D6 /* Release */,
			);
			defaultConfigurationIsVisible = 0;
			defaultConfigurationName = Release;
		};
		7BD0613F242D300D00A1C2D6 /* Build configuration list for PBXNativeTarget "FlickrTests" */ = {
			isa = XCConfigurationList;
			buildConfigurations = (
				7BD06140242D300D00A1C2D6 /* Debug */,
				7BD06141242D300D00A1C2D6 /* Release */,
			);
			defaultConfigurationIsVisible = 0;
			defaultConfigurationName = Release;
		};
		7BD06142242D300D00A1C2D6 /* Build configuration list for PBXNativeTarget "FlickrUITests" */ = {
			isa = XCConfigurationList;
			buildConfigurations = (
				7BD06143242D300D00A1C2D6 /* Debug */,
				7BD06144242D300D00A1C2D6 /* Release */,
			);
			defaultConfigurationIsVisible = 0;
			defaultConfigurationName = Release;
		};
/* End XCConfigurationList section */
	};
	rootObject = 7BD0610A242D300C00A1C2D6 /* Project object */;
}
