// !$*UTF8*$!
{
	archiveVersion = 1;
	classes = {
	};
	objectVersion = 50;
	objects = {

/* Begin PBXBuildFile section */
		7BD06116242D300C00A1C2D6 /* AppDelegate.swift in Sources */ = {isa = PBXBuildFile; fileRef = 7BD06115242D300C00A1C2D6 /* AppDelegate.swift */; };
		7BD0611A242D300C00A1C2D6 /* ViewController.swift in Sources */ = {isa = PBXBuildFile; fileRef = 7BD06119242D300C00A1C2D6 /* ViewController.swift */; };
		7BD0611F242D300D00A1C2D6 /* Assets.xcassets in Resources */ = {isa = PBXBuildFile; fileRef = 7BD0611E242D300D00A1C2D6 /* Assets.xcassets */; };
		7BD06122242D300D00A1C2D6 /* LaunchScreen.storyboard in Resources */ = {isa = PBXBuildFile; fileRef = 7BD06120242D300D00A1C2D6 /* LaunchScreen.storyboard */; };
		7BD0612D242D300D00A1C2D6 /* FlickrTests.swift in Sources */ = {isa = PBXBuildFile; fileRef = 7BD0612C242D300D00A1C2D6 /* FlickrTests.swift */; };
		7BD06138242D300D00A1C2D6 /* FlickrUITests.swift in Sources */ = {isa = PBXBuildFile; fileRef = 7BD06137242D300D00A1C2D6 /* FlickrUITests.swift */; };
/* End PBXBuildFile section */

/* Begin PBXContainerItemProxy section */
		7BD06129242D300D00A1C2D6 /* PBXContainerItemProxy */ = {
			isa = PBXContainerItemProxy;
			containerPortal = 7BD0610A242D300C00A1C2D6 /* Project object */;
			proxyType = 1;
			remoteGlobalIDString = 7BD06111242D300C00A1C2D6;
			remoteInfo = Flickr;
		};
		7BD06134242D300D00A1C2D6 /* PBXContainerItemProxy */ = {
			isa = PBXContainerItemProxy;
			containerPortal = 7BD0610A242D300C00A1C2D6 /* Project object */;
			proxyType = 1;
			remoteGlobalIDString = 7BD06111242D300C00A1C2D6;
			remoteInfo = Flickr;
		};
/* End PBXContainerItemProxy section */

/* Begin PBXFileReference section */
		7BD06112242D300C00A1C2D6 /* Flickr.app */ = {isa = PBXFileReference; explicitFileType = wrapper.application; includeInIndex = 0; path = Flickr.app; sourceTree = BUILT_PRODUCTS_DIR; };
		7BD06115242D300C00A1C2D6 /* AppDelegate.swift */ = {isa = PBXFileReference; lastKnownFileType = sourcecode.swift; path = AppDelegate.swift; sourceTree = "<group>"; };
		7BD06119242D300C00A1C2D6 /* ViewController.swift */ = {isa = PBXFileReference; lastKnownFileType = sourcecode.swift; path = ViewController.swift; sourceTree = "<group>"; };
		7BD0611E242D300D00A1C2D6 /* Assets.xcassets */ = {isa = PBXFileReference; lastKnownFileType = folder.assetcatalog; path = Assets.xcassets; sourceTree = "<group>"; };
		7BD06121242D300D00A1C2D6 /* Base */ = {isa = PBXFileReference; lastKnownFileType = file.storyboard; name = Base; path = Base.lproj/LaunchScreen.storyboard; sourceTree = "<group>"; };
		7BD06123242D300D00A1C2D6 /* Info.plist */ = {isa = PBXFileReference; lastKnownFileType = text.plist.xml; path = Info.plist; sourceTree = "<group>"; };
		7BD06128242D300D00A1C2D6 /* FlickrTests.xctest */ = {isa = PBXFileReference; explicitFileType = wrapper.cfbundle; includeInIndex = 0; path = FlickrTests.xctest; sourceTree = BUILT_PRODUCTS_DIR; };
		7BD0612C242D300D00A1C2D6 /* FlickrTests.swift */ = {isa = PBXFileReference; lastKnownFileType = sourcecode.swift; path = FlickrTests.swift; sourceTree = "<group>"; };
		7BD0612E242D300D00A1C2D6 /* Info.plist */ = {isa = PBXFileReference; lastKnownFileType = text.plist.xml; path = Info.plist; sourceTree = "<group>"; };
		7BD06133242D300D00A1C2D6 /* FlickrUITests.xctest */ = {isa = PBXFileReference; explicitFileType = wrapper.cfbundle; includeInIndex = 0; path = FlickrUITests.xctest; sourceTree = BUILT_PRODUCTS_DIR; };
		7BD06137242D300D00A1C2D6 /* FlickrUITests.swift */ = {isa = PBXFileReference; lastKnownFileType = sourcecode.swift; path = FlickrUITests.swift; sourceTree = "<group>"; };
		7BD06139242D300D00A1C2D6 /* Info.plist */ = {isa = PBXFileReference; lastKnownFileType = text.plist.xml; path = Info.plist; sourceTree = "<group>"; };
/* End PBXFileReference section */

/* Begin PBXFrameworksBuildPhase section */
		7BD0610F242D300C00A1C2D6 /* Frameworks */ = {
			isa = PBXFrameworksBuildPhase;
			buildActionMask = 2147483647;
			files = (
			);
			runOnlyForDeploymentPostprocessing = 0;
		};
		7BD06125242D300D00A1C2D6 /* Frameworks */ = {
			isa = PBXFrameworksBuildPhase;
			buildActionMask = 2147483647;
			files = (
			);
			runOnlyForDeploymentPostprocessing = 0;
		};
		7BD06130242D300D00A1C2D6 /* Frameworks */ = {
			isa = PBXFrameworksBuildPhase;
			buildActionMask = 2147483647;
			files = (
			);
			runOnlyForDeploymentPostprocessing = 0;
		};
/* End PBXFrameworksBuildPhase section */

/* Begin PBXGroup section */
		7BD06109242D300C00A1C2D6 = {
			isa = PBXGroup;
			children = (
				7BD06114242D300C00A1C2D6 /* Flickr */,
				7BD0612B242D300D00A1C2D6 /* FlickrTests */,
				7BD06136242D300D00A1C2D6 /* FlickrUITests */,
				7BD06113242D300C00A1C2D6 /* Products */,
			);
			sourceTree = "<group>";
		};
		7BD06113242D300C00A1C2D6 /* Products */ = {
			isa = PBXGroup;
			children = (
				7BD06112242D300C00A1C2D6 /* Flickr.app */,
				7BD06128242D300D00A1C2D6 /* FlickrTests.xctest */,
				7BD06133242D300D00A1C2D6 /* FlickrUITests.xctest */,
			);
			name = Products;
			sourceTree = "<group>";
		};
		7BD06114242D300C00A1C2D6 /* Flickr */ = {
			isa = PBXGroup;
			children = (
				7BD06115242D300C00A1C2D6 /* AppDelegate.swift */,
				7BD06119242D300C00A1C2D6 /* ViewController.swift */,
				7BD0611E242D300D00A1C2D6 /* Assets.xcassets */,
				7BD06120242D300D00A1C2D6 /* LaunchScreen.storyboard */,
				7BD06123242D300D00A1C2D6 /* Info.plist */,
			);
			path = Flickr;
			sourceTree = "<group>";
		};
		7BD0612B242D300D00A1C2D6 /* FlickrTests */ = {
			isa = PBXGroup;
			children = (
				7BD0612C242D300D00A1C2D6 /* FlickrTests.swift */,
				7BD0612E242D300D00A1C2D6 /* Info.plist */,
			);
			path = FlickrTests;
			sourceTree = "<group>";
		};
		7BD06136242D300D00A1C2D6 /* FlickrUITests */ = {
			isa = PBXGroup;
			children = (
				7BD06137242D300D00A1C2D6 /* FlickrUITests.swift */,
				7BD06139242D300D00A1C2D6 /* Info.plist */,
			);
			path = FlickrUITests;
			sourceTree = "<group>";
		};
/* End PBXGroup section */

/* Begin PBXNativeTarget section */
		7BD06111242D300C00A1C2D6 /* Flickr */ = {
			isa = PBXNativeTarget;
			buildConfigurationList = 7BD0613C242D300D00A1C2D6 /* Build configuration list for PBXNativeTarget "Flickr" */;
			buildPhases = (
				7BD0610E242D300C00A1C2D6 /* Sources */,
				7BD0610F242D300C00A1C2D6 /* Frameworks */,
				7BD06110242D300C00A1C2D6 /* Resources */,
			);
			buildRules = (
			);
			dependencies = (
			);
			name = Flickr;
			productName = Flickr;
			productReference = 7BD06112242D300C00A1C2D6 /* Flickr.app */;
			productType = "com.apple.product-type.application";
		};
		7BD06127242D300D00A1C2D6 /* FlickrTests */ = {
			isa = PBXNativeTarget;
			buildConfigurationList = 7BD0613F242D300D00A1C2D6 /* Build configuration list for PBXNativeTarget "FlickrTests" */;
			buildPhases = (
				7BD06124242D300D00A1C2D6 /* Sources */,
				7BD06125242D300D00A1C2D6 /* Frameworks */,
				7BD06126242D300D00A1C2D6 /* Resources */,
			);
			buildRules = (
			);
			dependencies = (
				7BD0612A242D300D00A1C2D6 /* PBXTargetDependency */,
			);
			name = FlickrTests;
			productName = FlickrTests;
			productReference = 7BD06128242D300D00A1C2D6 /* FlickrTests.xctest */;
			productType = "com.apple.product-type.bundle.unit-test";
		};
		7BD06132242D300D00A1C2D6 /* FlickrUITests */ = {
			isa = PBXNativeTarget;
			buildConfigurationList = 7BD06142242D300D00A1C2D6 /* Build configuration list for PBXNativeTarget "FlickrUITests" */;
			buildPhases = (
				7BD0612F242D300D00A1C2D6 /* Sources */,
				7BD06130242D300D00A1C2D6 /* Frameworks */,
				7BD06131242D300D00A1C2D6 /* Resources */,
			);
			buildRules = (
			);
			dependencies = (
				7BD06135242D300D00A1C2D6 /* PBXTargetDependency */,
			);
			name = FlickrUITests;
			productName = FlickrUITests;
			productReference = 7BD06133242D300D00A1C2D6 /* FlickrUITests.xctest */;
			productType = "com.apple.product-type.bundle.ui-testing";
		};
/* End PBXNativeTarget section */

/* Begin PBXProject section */
		7BD0610A242D300C00A1C2D6 /* Project object */ = {
			isa = PBXProject;
			attributes = {
				LastSwiftUpdateCheck = 1120;
				LastUpgradeCheck = 1120;
				ORGANIZATIONNAME = Andela;
				TargetAttributes = {
					7BD06111242D300C00A1C2D6 = {
						CreatedOnToolsVersion = 11.2.1;
					};
					7BD06127242D300D00A1C2D6 = {
						CreatedOnToolsVersion = 11.2.1;
						TestTargetID = 7BD06111242D300C00A1C2D6;
					};
					7BD06132242D300D00A1C2D6 = {
						CreatedOnToolsVersion = 11.2.1;
						TestTargetID = 7BD06111242D300C00A1C2D6;
					};
				};
			};
			buildConfigurationList = 7BD0610D242D300C00A1C2D6 /* Build configuration list for PBXProject "Flickr" */;
			compatibilityVersion = "Xcode 9.3";
			developmentRegion = en;
			hasScannedForEncodings = 0;
			knownRegions = (
				en,
				Base,
			);
			mainGroup = 7BD06109242D300C00A1C2D6;
			productRefGroup = 7BD06113242D300C00A1C2D6 /* Products */;
			projectDirPath = "";
			projectRoot = "";
			targets = (
				7BD06111242D300C00A1C2D6 /* Flickr */,
				7BD06127242D300D00A1C2D6 /* FlickrTests */,
				7BD06132242D300D00A1C2D6 /* FlickrUITests */,
			);
		};
/* End PBXProject section */

/* Begin PBXResourcesBuildPhase section */
		7BD06110242D300C00A1C2D6 /* Resources */ = {
			isa = PBXResourcesBuildPhase;
			buildActionMask = 2147483647;
			files = (
				7BD06122242D300D00A1C2D6 /* LaunchScreen.storyboard in Resources */,
				7BD0611F242D300D00A1C2D6 /* Assets.xcassets in Resources */,
			);
			runOnlyForDeploymentPostprocessing = 0;
		};
		7BD06126242D300D00A1C2D6 /* Resources */ = {
			isa = PBXResourcesBuildPhase;
			buildActionMask = 2147483647;
			files = (
			);
			runOnlyForDeploymentPostprocessing = 0;
		};
		7BD06131242D300D00A1C2D6 /* Resources */ = {
			isa = PBXResourcesBuildPhase;
			buildActionMask = 2147483647;
			files = (
			);
			runOnlyForDeploymentPostprocessing = 0;
		};
/* End PBXResourcesBuildPhase section */

/* Begin PBXSourcesBuildPhase section */
		7BD0610E242D300C00A1C2D6 /* Sources */ = {
			isa = PBXSourcesBuildPhase;
			buildActionMask = 2147483647;
			files = (
				7BD0611A242D300C00A1C2D6 /* ViewController.swift in Sources */,
				7BD06116242D300C00A1C2D6 /* AppDelegate.swift in Sources */,
			);
			runOnlyForDeploymentPostprocessing = 0;
		};
		7BD06124242D300D00A1C2D6 /* Sources */ = {
			isa = PBXSourcesBuildPhase;
			buildActionMask = 2147483647;
			files = (
				7BD0612D242D300D00A1C2D6 /* FlickrTests.swift in Sources */,
			);
			runOnlyForDeploymentPostprocessing = 0;
		};
		7BD0612F242D300D00A1C2D6 /* Sources */ = {
			isa = PBXSourcesBuildPhase;
			buildActionMask = 2147483647;
			files = (
				7BD06138242D300D00A1C2D6 /* FlickrUITests.swift in Sources */,
			);
			runOnlyForDeploymentPostprocessing = 0;
		};
/* End PBXSourcesBuildPhase section */

/* Begin PBXTargetDependency section */
		7BD0612A242D300D00A1C2D6 /* PBXTargetDependency */ = {
			isa = PBXTargetDependency;
			target = 7BD06111242D300C00A1C2D6 /* Flickr */;
			targetProxy = 7BD06129242D300D00A1C2D6 /* PBXContainerItemProxy */;
		};
		7BD06135242D300D00A1C2D6 /* PBXTargetDependency */ = {
			isa = PBXTargetDependency;
			target = 7BD06111242D300C00A1C2D6 /* Flickr */;
			targetProxy = 7BD06134242D300D00A1C2D6 /* PBXContainerItemProxy */;
		};
/* End PBXTargetDependency section */

/* Begin PBXVariantGroup section */
		7BD06120242D300D00A1C2D6 /* LaunchScreen.storyboard */ = {
			isa = PBXVariantGroup;
			children = (
				7BD06121242D300D00A1C2D6 /* Base */,
			);
			name = LaunchScreen.storyboard;
			sourceTree = "<group>";
		};
/* End PBXVariantGroup section */

/* Begin XCBuildConfiguration section */
		7BD0613A242D300D00A1C2D6 /* Debug */ = {
			isa = XCBuildConfiguration;
			buildSettings = {
				ALWAYS_SEARCH_USER_PATHS = NO;
				CLANG_ANALYZER_NONNULL = YES;
				CLANG_ANALYZER_NUMBER_OBJECT_CONVERSION = YES_AGGRESSIVE;
				CLANG_CXX_LANGUAGE_STANDARD = "gnu++14";
				CLANG_CXX_LIBRARY = "libc++";
				CLANG_ENABLE_MODULES = YES;
				CLANG_ENABLE_OBJC_ARC = YES;
				CLANG_ENABLE_OBJC_WEAK = YES;
				CLANG_WARN_BLOCK_CAPTURE_AUTORELEASING = YES;
				CLANG_WARN_BOOL_CONVERSION = YES;
				CLANG_WARN_COMMA = YES;
				CLANG_WARN_CONSTANT_CONVERSION = YES;
				CLANG_WARN_DEPRECATED_OBJC_IMPLEMENTATIONS = YES;
				CLANG_WARN_DIRECT_OBJC_ISA_USAGE = YES_ERROR;
				CLANG_WARN_DOCUMENTATION_COMMENTS = YES;
				CLANG_WARN_EMPTY_BODY = YES;
				CLANG_WARN_ENUM_CONVERSION = YES;
				CLANG_WARN_INFINITE_RECURSION = YES;
				CLANG_WARN_INT_CONVERSION = YES;
				CLANG_WARN_NON_LITERAL_NULL_CONVERSION = YES;
				CLANG_WARN_OBJC_IMPLICIT_RETAIN_SELF = YES;
				CLANG_WARN_OBJC_LITERAL_CONVERSION = YES;
				CLANG_WARN_OBJC_ROOT_CLASS = YES_ERROR;
				CLANG_WARN_RANGE_LOOP_ANALYSIS = YES;
				CLANG_WARN_STRICT_PROTOTYPES = YES;
				CLANG_WARN_SUSPICIOUS_MOVE = YES;
				CLANG_WARN_UNGUARDED_AVAILABILITY = YES_AGGRESSIVE;
				CLANG_WARN_UNREACHABLE_CODE = YES;
				CLANG_WARN__DUPLICATE_METHOD_MATCH = YES;
				COPY_PHASE_STRIP = NO;
				DEBUG_INFORMATION_FORMAT = dwarf;
				ENABLE_STRICT_OBJC_MSGSEND = YES;
				ENABLE_TESTABILITY = YES;
				GCC_C_LANGUAGE_STANDARD = gnu11;
				GCC_DYNAMIC_NO_PIC = NO;
				GCC_NO_COMMON_BLOCKS = YES;
				GCC_OPTIMIZATION_LEVEL = 0;
				GCC_PREPROCESSOR_DEFINITIONS = (
					"DEBUG=1",
					"$(inherited)",
				);
				GCC_WARN_64_TO_32_BIT_CONVERSION = YES;
				GCC_WARN_ABOUT_RETURN_TYPE = YES_ERROR;
				GCC_WARN_UNDECLARED_SELECTOR = YES;
				GCC_WARN_UNINITIALIZED_AUTOS = YES_AGGRESSIVE;
				GCC_WARN_UNUSED_FUNCTION = YES;
				GCC_WARN_UNUSED_VARIABLE = YES;
				IPHONEOS_DEPLOYMENT_TARGET = 13.2;
				MTL_ENABLE_DEBUG_INFO = INCLUDE_SOURCE;
				MTL_FAST_MATH = YES;
				ONLY_ACTIVE_ARCH = YES;
				SDKROOT = iphoneos;
				SWIFT_ACTIVE_COMPILATION_CONDITIONS = DEBUG;
				SWIFT_OPTIMIZATION_LEVEL = "-Onone";
			};
			name = Debug;
		};
		7BD0613B242D300D00A1C2D6 /* Release */ = {
			isa = XCBuildConfiguration;
			buildSettings = {
				ALWAYS_SEARCH_USER_PATHS = NO;
				CLANG_ANALYZER_NONNULL = YES;
				CLANG_ANALYZER_NUMBER_OBJECT_CONVERSION = YES_AGGRESSIVE;
				CLANG_CXX_LANGUAGE_STANDARD = "gnu++14";
				CLANG_CXX_LIBRARY = "libc++";
				CLANG_ENABLE_MODULES = YES;
				CLANG_ENABLE_OBJC_ARC = YES;
				CLANG_ENABLE_OBJC_WEAK = YES;
				CLANG_WARN_BLOCK_CAPTURE_AUTORELEASING = YES;
				CLANG_WARN_BOOL_CONVERSION = YES;
				CLANG_WARN_COMMA = YES;
				CLANG_WARN_CONSTANT_CONVERSION = YES;
				CLANG_WARN_DEPRECATED_OBJC_IMPLEMENTATIONS = YES;
				CLANG_WARN_DIRECT_OBJC_ISA_USAGE = YES_ERROR;
				CLANG_WARN_DOCUMENTATION_COMMENTS = YES;
				CLANG_WARN_EMPTY_BODY = YES;
				CLANG_WARN_ENUM_CONVERSION = YES;
				CLANG_WARN_INFINITE_RECURSION = YES;
				CLANG_WARN_INT_CONVERSION = YES;
				CLANG_WARN_NON_LITERAL_NULL_CONVERSION = YES;
				CLANG_WARN_OBJC_IMPLICIT_RETAIN_SELF = YES;
				CLANG_WARN_OBJC_LITERAL_CONVERSION = YES;
				CLANG_WARN_OBJC_ROOT_CLASS = YES_ERROR;
				CLANG_WARN_RANGE_LOOP_ANALYSIS = YES;
				CLANG_WARN_STRICT_PROTOTYPES = YES;
				CLANG_WARN_SUSPICIOUS_MOVE = YES;
				CLANG_WARN_UNGUARDED_AVAILABILITY = YES_AGGRESSIVE;
				CLANG_WARN_UNREACHABLE_CODE = YES;
				CLANG_WARN__DUPLICATE_METHOD_MATCH = YES;
				COPY_PHASE_STRIP = NO;
				DEBUG_INFORMATION_FORMAT = "dwarf-with-dsym";
				ENABLE_NS_ASSERTIONS = NO;
				ENABLE_STRICT_OBJC_MSGSEND = YES;
				GCC_C_LANGUAGE_STANDARD = gnu11;
				GCC_NO_COMMON_BLOCKS = YES;
				GCC_WARN_64_TO_32_BIT_CONVERSION = YES;
				GCC_WARN_ABOUT_RETURN_TYPE = YES_ERROR;
				GCC_WARN_UNDECLARED_SELECTOR = YES;
				GCC_WARN_UNINITIALIZED_AUTOS = YES_AGGRESSIVE;
				GCC_WARN_UNUSED_FUNCTION = YES;
				GCC_WARN_UNUSED_VARIABLE = YES;
				IPHONEOS_DEPLOYMENT_TARGET = 13.2;
				MTL_ENABLE_DEBUG_INFO = NO;
				MTL_FAST_MATH = YES;
				SDKROOT = iphoneos;
				SWIFT_COMPILATION_MODE = wholemodule;
				SWIFT_OPTIMIZATION_LEVEL = "-O";
				VALIDATE_PRODUCT = YES;
			};
			name = Release;
		};
		7BD0613D242D300D00A1C2D6 /* Debug */ = {
			isa = XCBuildConfiguration;
			buildSettings = {
				ASSETCATALOG_COMPILER_APPICON_NAME = AppIcon;
				CODE_SIGN_STYLE = Automatic;
				INFOPLIST_FILE = Flickr/Info.plist;
				LD_RUNPATH_SEARCH_PATHS = (
					"$(inherited)",
					"@executable_path/Frameworks",
				);
				PRODUCT_BUNDLE_IDENTIFIER = com.andela.Flickr;
				PRODUCT_NAME = "$(TARGET_NAME)";
				SWIFT_VERSION = 5.0;
				TARGETED_DEVICE_FAMILY = "1,2";
			};
			name = Debug;
		};
		7BD0613E242D300D00A1C2D6 /* Release */ = {
			isa = XCBuildConfiguration;
			buildSettings = {
				ASSETCATALOG_COMPILER_APPICON_NAME = AppIcon;
				CODE_SIGN_STYLE = Automatic;
				INFOPLIST_FILE = Flickr/Info.plist;
				LD_RUNPATH_SEARCH_PATHS = (
					"$(inherited)",
					"@executable_path/Frameworks",
				);
				PRODUCT_BUNDLE_IDENTIFIER = com.andela.Flickr;
				PRODUCT_NAME = "$(TARGET_NAME)";
				SWIFT_VERSION = 5.0;
				TARGETED_DEVICE_FAMILY = "1,2";
			};
			name = Release;
		};
		7BD06140242D300D00A1C2D6 /* Debug */ = {
			isa = XCBuildConfiguration;
			buildSettings = {
				ALWAYS_EMBED_SWIFT_STANDARD_LIBRARIES = YES;
				BUNDLE_LOADER = "$(TEST_HOST)";
				CODE_SIGN_STYLE = Automatic;
				INFOPLIST_FILE = FlickrTests/Info.plist;
				IPHONEOS_DEPLOYMENT_TARGET = 13.2;
				LD_RUNPATH_SEARCH_PATHS = (
					"$(inherited)",
					"@executable_path/Frameworks",
					"@loader_path/Frameworks",
				);
				PRODUCT_BUNDLE_IDENTIFIER = com.andela.FlickrTests;
				PRODUCT_NAME = "$(TARGET_NAME)";
				SWIFT_VERSION = 5.0;
				TARGETED_DEVICE_FAMILY = "1,2";
				TEST_HOST = "$(BUILT_PRODUCTS_DIR)/Flickr.app/Flickr";
			};
			name = Debug;
		};
		7BD06141242D300D00A1C2D6 /* Release */ = {
			isa = XCBuildConfiguration;
			buildSettings = {
				ALWAYS_EMBED_SWIFT_STANDARD_LIBRARIES = YES;
				BUNDLE_LOADER = "$(TEST_HOST)";
				CODE_SIGN_STYLE = Automatic;
				INFOPLIST_FILE = FlickrTests/Info.plist;
				IPHONEOS_DEPLOYMENT_TARGET = 13.2;
				LD_RUNPATH_SEARCH_PATHS = (
					"$(inherited)",
					"@executable_path/Frameworks",
					"@loader_path/Frameworks",
				);
				PRODUCT_BUNDLE_IDENTIFIER = com.andela.FlickrTests;
				PRODUCT_NAME = "$(TARGET_NAME)";
				SWIFT_VERSION = 5.0;
				TARGETED_DEVICE_FAMILY = "1,2";
				TEST_HOST = "$(BUILT_PRODUCTS_DIR)/Flickr.app/Flickr";
			};
			name = Release;
		};
		7BD06143242D300D00A1C2D6 /* Debug */ = {
			isa = XCBuildConfiguration;
			buildSettings = {
				ALWAYS_EMBED_SWIFT_STANDARD_LIBRARIES = YES;
				CODE_SIGN_STYLE = Automatic;
				INFOPLIST_FILE = FlickrUITests/Info.plist;
				LD_RUNPATH_SEARCH_PATHS = (
					"$(inherited)",
					"@executable_path/Frameworks",
					"@loader_path/Frameworks",
				);
				PRODUCT_BUNDLE_IDENTIFIER = com.andela.FlickrUITests;
				PRODUCT_NAME = "$(TARGET_NAME)";
				SWIFT_VERSION = 5.0;
				TARGETED_DEVICE_FAMILY = "1,2";
				TEST_TARGET_NAME = Flickr;
			};
			name = Debug;
		};
		7BD06144242D300D00A1C2D6 /* Release */ = {
			isa = XCBuildConfiguration;
			buildSettings = {
				ALWAYS_EMBED_SWIFT_STANDARD_LIBRARIES = YES;
				CODE_SIGN_STYLE = Automatic;
				INFOPLIST_FILE = FlickrUITests/Info.plist;
				LD_RUNPATH_SEARCH_PATHS = (
					"$(inherited)",
					"@executable_path/Frameworks",
					"@loader_path/Frameworks",
				);
				PRODUCT_BUNDLE_IDENTIFIER = com.andela.FlickrUITests;
				PRODUCT_NAME = "$(TARGET_NAME)";
				SWIFT_VERSION = 5.0;
				TARGETED_DEVICE_FAMILY = "1,2";
				TEST_TARGET_NAME = Flickr;
			};
			name = Release;
		};
/* End XCBuildConfiguration section */

/* Begin XCConfigurationList section */
		7BD0610D242D300C00A1C2D6 /* Build configuration list for PBXProject "Flickr" */ = {
			isa = XCConfigurationList;
			buildConfigurations = (
				7BD0613A242D300D00A1C2D6 /* Debug */,
				7BD0613B242D300D00A1C2D6 /* Release */,
			);
			defaultConfigurationIsVisible = 0;
			defaultConfigurationName = Release;
		};
		7BD0613C242D300D00A1C2D6 /* Build configuration list for PBXNativeTarget "Flickr" */ = {
			isa = XCConfigurationList;
			buildConfigurations = (
				7BD0613D242D300D00A1C2D6 /* Debug */,
				7BD0613E242D300D00A1C2D6 /* Release */,
			);
			defaultConfigurationIsVisible = 0;
			defaultConfigurationName = Release;
		};
		7BD0613F242D300D00A1C2D6 /* Build configuration list for PBXNativeTarget "FlickrTests" */ = {
			isa = XCConfigurationList;
			buildConfigurations = (
				7BD06140242D300D00A1C2D6 /* Debug */,
				7BD06141242D300D00A1C2D6 /* Release */,
			);
			defaultConfigurationIsVisible = 0;
			defaultConfigurationName = Release;
		};
		7BD06142242D300D00A1C2D6 /* Build configuration list for PBXNativeTarget "FlickrUITests" */ = {
			isa = XCConfigurationList;
			buildConfigurations = (
				7BD06143242D300D00A1C2D6 /* Debug */,
				7BD06144242D300D00A1C2D6 /* Release */,
			);
			defaultConfigurationIsVisible = 0;
			defaultConfigurationName = Release;
		};
/* End XCConfigurationList section */
	};
	rootObject = 7BD0610A242D300C00A1C2D6 /* Project object */;
}
